
Microsoft Visual Studio Solution File, Format Version 12.00
# Visual Studio Version 16
VisualStudioVersion = 16.0.30204.135
MinimumVisualStudioVersion = 10.0.40219.1
Project("{FAE04EC0-301F-11D3-BF4B-00C04F79EFBC}") = "NewSmiteToolkit", "NewSmiteToolkit\NewSmiteToolkit.csproj", "{8F0693B5-14B3-4A1E-9AFC-8B63F54F18EA}"
EndProject
Global
	GlobalSection(SolutionConfigurationPlatforms) = preSolution
		Debug|Any CPU = Debug|Any CPU
		Release|Any CPU = Release|Any CPU
	EndGlobalSection
	GlobalSection(ProjectConfigurationPlatforms) = postSolution
		{8F0693B5-14B3-4A1E-9AFC-8B63F54F18EA}.Debug|Any CPU.ActiveCfg = Debug|Any CPU
		{8F0693B5-14B3-4A1E-9AFC-8B63F54F18EA}.Debug|Any CPU.Build.0 = Debug|Any CPU
		{8F0693B5-14B3-4A1E-9AFC-8B63F54F18EA}.Release|Any CPU.ActiveCfg = Release|Any CPU
		{8F0693B5-14B3-4A1E-9AFC-8B63F54F18EA}.Release|Any CPU.Build.0 = Release|Any CPU
	EndGlobalSection
	GlobalSection(SolutionProperties) = preSolution
		HideSolutionNode = FALSE
	EndGlobalSection
	GlobalSection(ExtensibilityGlobals) = postSolution
		SolutionGuid = {4E02434E-D506-4548-9D5E-9E2511B5A244}
	EndGlobalSection
EndGlobal
